
Microsoft Visual Studio Solution File, Format Version 12.00
# Visual Studio Version 16
VisualStudioVersion = 16.0.30804.86
MinimumVisualStudioVersion = 10.0.40219.1
Project("{FAE04EC0-301F-11D3-BF4B-00C04F79EFBC}") = "Joker kviz igra", "Joker kviz igra\Joker kviz igra.csproj", "{B356D2DA-96FB-40E7-B510-5F2BB2DB6E8D}"
EndProject
Global
	GlobalSection(SolutionConfigurationPlatforms) = preSolution
		Debug|Any CPU = Debug|Any CPU
		Release|Any CPU = Release|Any CPU
	EndGlobalSection
	GlobalSection(ProjectConfigurationPlatforms) = postSolution
		{B356D2DA-96FB-40E7-B510-5F2BB2DB6E8D}.Debug|Any CPU.ActiveCfg = Debug|Any CPU
		{B356D2DA-96FB-40E7-B510-5F2BB2DB6E8D}.Debug|Any CPU.Build.0 = Debug|Any CPU
		{B356D2DA-96FB-40E7-B510-5F2BB2DB6E8D}.Release|Any CPU.ActiveCfg = Release|Any CPU
		{B356D2DA-96FB-40E7-B510-5F2BB2DB6E8D}.Release|Any CPU.Build.0 = Release|Any CPU
	EndGlobalSection
	GlobalSection(SolutionProperties) = preSolution
		HideSolutionNode = FALSE
	EndGlobalSection
	GlobalSection(ExtensibilityGlobals) = postSolution
		SolutionGuid = {90067D10-2F1B-4DC2-9577-E496D2192D54}
	EndGlobalSection
EndGlobal
